
Microsoft Visual Studio Solution File, Format Version 12.00
# Visual Studio Version 17
VisualStudioVersion = 17.2.32519.379
MinimumVisualStudioVersion = 10.0.40219.1
Project("{FAE04EC0-301F-11D3-BF4B-00C04F79EFBC}") = "FoodCompany", "FoodCompany\FoodCompany.csproj", "{0C0ECD67-BC3F-4BDB-8C68-848DF1644276}"
EndProject
Global
	GlobalSection(SolutionConfigurationPlatforms) = preSolution
		Debug|Any CPU = Debug|Any CPU
		Release|Any CPU = Release|Any CPU
	EndGlobalSection
	GlobalSection(ProjectConfigurationPlatforms) = postSolution
		{0C0ECD67-BC3F-4BDB-8C68-848DF1644276}.Debug|Any CPU.ActiveCfg = Debug|Any CPU
		{0C0ECD67-BC3F-4BDB-8C68-848DF1644276}.Debug|Any CPU.Build.0 = Debug|Any CPU
		{0C0ECD67-BC3F-4BDB-8C68-848DF1644276}.Release|Any CPU.ActiveCfg = Release|Any CPU
		{0C0ECD67-BC3F-4BDB-8C68-848DF1644276}.Release|Any CPU.Build.0 = Release|Any CPU
	EndGlobalSection
	GlobalSection(SolutionProperties) = preSolution
		HideSolutionNode = FALSE
	EndGlobalSection
	GlobalSection(ExtensibilityGlobals) = postSolution
		SolutionGuid = {FAC4F27C-1B66-4497-A2E0-C80ED0AC0B90}
	EndGlobalSection
EndGlobal
